
Microsoft Visual Studio Solution File, Format Version 12.00
# Visual Studio Express 2013 for Web
VisualStudioVersion = 12.0.20617.1 PREVIEW
MinimumVisualStudioVersion = 10.0.40219.1
Project("{FAE04EC0-301F-11D3-BF4B-00C04F79EFBC}") = "Auth0.Windows", "Auth0.Windows\Auth0.Windows.csproj", "{FFBFC9DF-C380-4DAB-9EA4-A98BAFB186DC}"
EndProject
Project("{2150E333-8FDC-42A3-9474-1A3956D46DE8}") = ".nuget", ".nuget", "{A6463DED-84CE-4035-8A0B-B7C9FBFCF46B}"
	ProjectSection(SolutionItems) = preProject
		.nuget\NuGet.Config = .nuget\NuGet.Config
		.nuget\NuGet.exe = .nuget\NuGet.exe
		.nuget\NuGet.targets = .nuget\NuGet.targets
	EndProjectSection
EndProject
Global
	GlobalSection(SolutionConfigurationPlatforms) = preSolution
		Debug|Any CPU = Debug|Any CPU
		Release|Any CPU = Release|Any CPU
	EndGlobalSection
	GlobalSection(ProjectConfigurationPlatforms) = postSolution
		{FFBFC9DF-C380-4DAB-9EA4-A98BAFB186DC}.Debug|Any CPU.ActiveCfg = Debug|Any CPU
		{FFBFC9DF-C380-4DAB-9EA4-A98BAFB186DC}.Debug|Any CPU.Build.0 = Debug|Any CPU
		{FFBFC9DF-C380-4DAB-9EA4-A98BAFB186DC}.Release|Any CPU.ActiveCfg = Release|Any CPU
		{FFBFC9DF-C380-4DAB-9EA4-A98BAFB186DC}.Release|Any CPU.Build.0 = Release|Any CPU
	EndGlobalSection
	GlobalSection(SolutionProperties) = preSolution
		HideSolutionNode = FALSE
	EndGlobalSection
EndGlobal
