
Microsoft Visual Studio Solution File, Format Version 12.00
# Visual Studio 2013
VisualStudioVersion = 12.0.21005.1
MinimumVisualStudioVersion = 10.0.40219.1
Project("{FAE04EC0-301F-11D3-BF4B-00C04F79EFBC}") = "Auth0.Windows", "Auth0.Windows\Auth0.Windows.csproj", "{FFBFC9DF-C380-4DAB-9EA4-A98BAFB186DC}"
EndProject
Global
	GlobalSection(SolutionConfigurationPlatforms) = preSolution
		Debug|Any CPU = Debug|Any CPU
		Release|Any CPU = Release|Any CPU
	EndGlobalSection
	GlobalSection(ProjectConfigurationPlatforms) = postSolution
		{FFBFC9DF-C380-4DAB-9EA4-A98BAFB186DC}.Debug|Any CPU.ActiveCfg = Debug|Any CPU
		{FFBFC9DF-C380-4DAB-9EA4-A98BAFB186DC}.Debug|Any CPU.Build.0 = Debug|Any CPU
		{FFBFC9DF-C380-4DAB-9EA4-A98BAFB186DC}.Release|Any CPU.ActiveCfg = Release|Any CPU
		{FFBFC9DF-C380-4DAB-9EA4-A98BAFB186DC}.Release|Any CPU.Build.0 = Release|Any CPU
	EndGlobalSection
	GlobalSection(SolutionProperties) = preSolution
		HideSolutionNode = FALSE
	EndGlobalSection
EndGlobal
